
Microsoft Visual Studio Solution File, Format Version 12.00
# Visual Studio Version 17
VisualStudioVersion = 17.0.32014.148
MinimumVisualStudioVersion = 10.0.40219.1
Project("{FAE04EC0-301F-11D3-BF4B-00C04F79EFBC}") = "Student_Scores_Form", "Student_Scores_Form\Student_Scores_Form.csproj", "{7CB294B8-F59C-4689-8774-6A9E9DDCAF4F}"
EndProject
Global
	GlobalSection(SolutionConfigurationPlatforms) = preSolution
		Debug|Any CPU = Debug|Any CPU
		Release|Any CPU = Release|Any CPU
	EndGlobalSection
	GlobalSection(ProjectConfigurationPlatforms) = postSolution
		{7CB294B8-F59C-4689-8774-6A9E9DDCAF4F}.Debug|Any CPU.ActiveCfg = Debug|Any CPU
		{7CB294B8-F59C-4689-8774-6A9E9DDCAF4F}.Debug|Any CPU.Build.0 = Debug|Any CPU
		{7CB294B8-F59C-4689-8774-6A9E9DDCAF4F}.Release|Any CPU.ActiveCfg = Release|Any CPU
		{7CB294B8-F59C-4689-8774-6A9E9DDCAF4F}.Release|Any CPU.Build.0 = Release|Any CPU
	EndGlobalSection
	GlobalSection(SolutionProperties) = preSolution
		HideSolutionNode = FALSE
	EndGlobalSection
	GlobalSection(ExtensibilityGlobals) = postSolution
		SolutionGuid = {0C8F942A-EB50-4CBC-A4AE-FAA343EA740A}
	EndGlobalSection
EndGlobal
